
Microsoft Visual Studio Solution File, Format Version 12.00
# Visual Studio 2013
VisualStudioVersion = 12.0.40629.0
MinimumVisualStudioVersion = 10.0.40219.1
Project("{B1E792BE-AA5F-4E3C-8C82-674BF9C0715B}") = "TwinCAT Project4", "TwinCAT Project4\TwinCAT Project4.tsproj", "{133C58F3-862F-444F-97CE-75276D8A815F}"
EndProject
Global
	GlobalSection(SolutionConfigurationPlatforms) = preSolution
		Debug|TwinCAT CE7 (ARMV7) = Debug|TwinCAT CE7 (ARMV7)
		Debug|TwinCAT RT (x64) = Debug|TwinCAT RT (x64)
		Debug|TwinCAT RT (x86) = Debug|TwinCAT RT (x86)
		Release|TwinCAT CE7 (ARMV7) = Release|TwinCAT CE7 (ARMV7)
		Release|TwinCAT RT (x64) = Release|TwinCAT RT (x64)
		Release|TwinCAT RT (x86) = Release|TwinCAT RT (x86)
	EndGlobalSection
	GlobalSection(ProjectConfigurationPlatforms) = postSolution
		{133C58F3-862F-444F-97CE-75276D8A815F}.Debug|TwinCAT CE7 (ARMV7).ActiveCfg = Debug|TwinCAT CE7 (ARMV7)
		{133C58F3-862F-444F-97CE-75276D8A815F}.Debug|TwinCAT CE7 (ARMV7).Build.0 = Debug|TwinCAT CE7 (ARMV7)
		{133C58F3-862F-444F-97CE-75276D8A815F}.Debug|TwinCAT RT (x64).ActiveCfg = Debug|TwinCAT RT (x64)
		{133C58F3-862F-444F-97CE-75276D8A815F}.Debug|TwinCAT RT (x64).Build.0 = Debug|TwinCAT RT (x64)
		{133C58F3-862F-444F-97CE-75276D8A815F}.Debug|TwinCAT RT (x86).ActiveCfg = Debug|TwinCAT RT (x86)
		{133C58F3-862F-444F-97CE-75276D8A815F}.Debug|TwinCAT RT (x86).Build.0 = Debug|TwinCAT RT (x86)
		{133C58F3-862F-444F-97CE-75276D8A815F}.Release|TwinCAT CE7 (ARMV7).ActiveCfg = Release|TwinCAT CE7 (ARMV7)
		{133C58F3-862F-444F-97CE-75276D8A815F}.Release|TwinCAT CE7 (ARMV7).Build.0 = Release|TwinCAT CE7 (ARMV7)
		{133C58F3-862F-444F-97CE-75276D8A815F}.Release|TwinCAT RT (x64).ActiveCfg = Release|TwinCAT RT (x64)
		{133C58F3-862F-444F-97CE-75276D8A815F}.Release|TwinCAT RT (x64).Build.0 = Release|TwinCAT RT (x64)
		{133C58F3-862F-444F-97CE-75276D8A815F}.Release|TwinCAT RT (x86).ActiveCfg = Release|TwinCAT RT (x86)
		{133C58F3-862F-444F-97CE-75276D8A815F}.Release|TwinCAT RT (x86).Build.0 = Release|TwinCAT RT (x86)
		{8578BBBB-5B6E-49AB-B850-32B57C0564A5}.Debug|TwinCAT CE7 (ARMV7).ActiveCfg = Debug|TwinCAT CE7 (ARMV7)
		{8578BBBB-5B6E-49AB-B850-32B57C0564A5}.Debug|TwinCAT CE7 (ARMV7).Build.0 = Debug|TwinCAT CE7 (ARMV7)
		{8578BBBB-5B6E-49AB-B850-32B57C0564A5}.Debug|TwinCAT RT (x64).ActiveCfg = Debug|TwinCAT RT (x64)
		{8578BBBB-5B6E-49AB-B850-32B57C0564A5}.Debug|TwinCAT RT (x64).Build.0 = Debug|TwinCAT RT (x64)
		{8578BBBB-5B6E-49AB-B850-32B57C0564A5}.Debug|TwinCAT RT (x86).ActiveCfg = Debug|TwinCAT RT (x86)
		{8578BBBB-5B6E-49AB-B850-32B57C0564A5}.Debug|TwinCAT RT (x86).Build.0 = Debug|TwinCAT RT (x86)
		{8578BBBB-5B6E-49AB-B850-32B57C0564A5}.Release|TwinCAT CE7 (ARMV7).ActiveCfg = Release|TwinCAT CE7 (ARMV7)
		{8578BBBB-5B6E-49AB-B850-32B57C0564A5}.Release|TwinCAT CE7 (ARMV7).Build.0 = Release|TwinCAT CE7 (ARMV7)
		{8578BBBB-5B6E-49AB-B850-32B57C0564A5}.Release|TwinCAT RT (x64).ActiveCfg = Release|TwinCAT RT (x64)
		{8578BBBB-5B6E-49AB-B850-32B57C0564A5}.Release|TwinCAT RT (x64).Build.0 = Release|TwinCAT RT (x64)
		{8578BBBB-5B6E-49AB-B850-32B57C0564A5}.Release|TwinCAT RT (x86).ActiveCfg = Release|TwinCAT RT (x86)
		{8578BBBB-5B6E-49AB-B850-32B57C0564A5}.Release|TwinCAT RT (x86).Build.0 = Release|TwinCAT RT (x86)
	EndGlobalSection
	GlobalSection(SolutionProperties) = preSolution
		HideSolutionNode = FALSE
	EndGlobalSection
EndGlobal
